# THIS IS AN AUTOGENERATED FILE. DO NOT EDIT THIS FILE DIRECTLY.
# yarn lockfile v1


jamilih@^0.54.0:
  version "0.54.0"
  resolved "https://registry.yarnpkg.com/jamilih/-/jamilih-0.54.0.tgz#c17c564051faea8b781ee3c5400828cd6869ead4"
  integrity sha512-x3rfmZhxocBFbowFbi79C+TtLxe3Bes0ypWly/RJvQ69ZkiLAlwX1kkDeDzpCXpwzXvg53FejVSbOveacB7NvQ==
