{
  "name": "npm-path",
  "lockfileVersion": 2,
  "requires": true,
  "packages": {
    "": {
      "dependencies": {
        "jamilih": "^0.54.0"
      }
    },
    "node_modules/jamilih": {
      "version": "0.54.0",
      "resolved": "https://registry.npmjs.org/jamilih/-/jamilih-0.54.0.tgz",
      "integrity": "sha512-x3rfmZhxocBFbowFbi79C+TtLxe3Bes0ypWly/RJvQ69ZkiLAlwX1kkDeDzpCXpwzXvg53FejVSbOveacB7NvQ==",
      "engines": {
        "node": ">=10"
      }
    }
  },
  "dependencies": {
    "jamilih": {
      "version": "0.54.0",
      "resolved": "https://registry.npmjs.org/jamilih/-/jamilih-0.54.0.tgz",
      "integrity": "sha512-x3rfmZhxocBFbowFbi79C+TtLxe3Bes0ypWly/RJvQ69ZkiLAlwX1kkDeDzpCXpwzXvg53FejVSbOveacB7NvQ=="
    }
  }
}
